// !$*UTF8*$!
{
	archiveVersion = 1;
	classes = {
	};
	objectVersion = 46;
	objects = {

/* Begin PBXBuildFile section */
		2F1B17CE19DDB48E0079EAF9 /* AppDelegate.swift in Sources */ = {isa = PBXBuildFile; fileRef = 2F1B17CD19DDB48E0079EAF9 /* AppDelegate.swift */; };
		2F1B17D019DDB48E0079EAF9 /* Images.xcassets in Resources */ = {isa = PBXBuildFile; fileRef = 2F1B17CF19DDB48E0079EAF9 /* Images.xcassets */; };
		2F1B17D319DDB48E0079EAF9 /* MainMenu.xib in Resources */ = {isa = PBXBuildFile; fileRef = 2F1B17D119DDB48E0079EAF9 /* MainMenu.xib */; };
		2F1B17DF19DDB48E0079EAF9 /* RedditImageDownloaderTests.swift in Sources */ = {isa = PBXBuildFile; fileRef = 2F1B17DE19DDB48E0079EAF9 /* RedditImageDownloaderTests.swift */; };
		2F1B17ED19DDBC980079EAF9 /* APIController.swift in Sources */ = {isa = PBXBuildFile; fileRef = 2F1B17EC19DDBC980079EAF9 /* APIController.swift */; };
		D405B72319E2BE7900DFC736 /* DownloadController.swift in Sources */ = {isa = PBXBuildFile; fileRef = D405B72219E2BE7900DFC736 /* DownloadController.swift */; };
/* End PBXBuildFile section */

/* Begin PBXContainerItemProxy section */
		2F1B17D919DDB48E0079EAF9 /* PBXContainerItemProxy */ = {
			isa = PBXContainerItemProxy;
			containerPortal = 2F1B17C019DDB48D0079EAF9 /* Project object */;
			proxyType = 1;
			remoteGlobalIDString = 2F1B17C719DDB48E0079EAF9;
			remoteInfo = RedditImageDownloader;
		};
/* End PBXContainerItemProxy section */

/* Begin PBXFileReference section */
		2F1B17C819DDB48E0079EAF9 /* RedditImageDownloader.app */ = {isa = PBXFileReference; explicitFileType = wrapper.application; includeInIndex = 0; path = RedditImageDownloader.app; sourceTree = BUILT_PRODUCTS_DIR; };
		2F1B17CC19DDB48E0079EAF9 /* Info.plist */ = {isa = PBXFileReference; lastKnownFileType = text.plist.xml; path = Info.plist; sourceTree = "<group>"; };
		2F1B17CD19DDB48E0079EAF9 /* AppDelegate.swift */ = {isa = PBXFileReference; lastKnownFileType = sourcecode.swift; path = AppDelegate.swift; sourceTree = "<group>"; };
		2F1B17CF19DDB48E0079EAF9 /* Images.xcassets */ = {isa = PBXFileReference; lastKnownFileType = folder.assetcatalog; path = Images.xcassets; sourceTree = "<group>"; };
		2F1B17D219DDB48E0079EAF9 /* Base */ = {isa = PBXFileReference; lastKnownFileType = file.xib; name = Base; path = Base.lproj/MainMenu.xib; sourceTree = "<group>"; };
		2F1B17D819DDB48E0079EAF9 /* RedditImageDownloaderTests.xctest */ = {isa = PBXFileReference; explicitFileType = wrapper.cfbundle; includeInIndex = 0; path = RedditImageDownloaderTests.xctest; sourceTree = BUILT_PRODUCTS_DIR; };
		2F1B17DD19DDB48E0079EAF9 /* Info.plist */ = {isa = PBXFileReference; lastKnownFileType = text.plist.xml; path = Info.plist; sourceTree = "<group>"; };
		2F1B17DE19DDB48E0079EAF9 /* RedditImageDownloaderTests.swift */ = {isa = PBXFileReference; lastKnownFileType = sourcecode.swift; path = RedditImageDownloaderTests.swift; sourceTree = "<group>"; };
		2F1B17EC19DDBC980079EAF9 /* APIController.swift */ = {isa = PBXFileReference; fileEncoding = 4; lastKnownFileType = sourcecode.swift; path = APIController.swift; sourceTree = "<group>"; };
		D405B72219E2BE7900DFC736 /* DownloadController.swift */ = {isa = PBXFileReference; fileEncoding = 4; lastKnownFileType = sourcecode.swift; path = DownloadController.swift; sourceTree = "<group>"; };
/* End PBXFileReference section */

/* Begin PBXFrameworksBuildPhase section */
		2F1B17C519DDB48E0079EAF9 /* Frameworks */ = {
			isa = PBXFrameworksBuildPhase;
			buildActionMask = 2147483647;
			files = (
			);
			runOnlyForDeploymentPostprocessing = 0;
		};
		2F1B17D519DDB48E0079EAF9 /* Frameworks */ = {
			isa = PBXFrameworksBuildPhase;
			buildActionMask = 2147483647;
			files = (
			);
			runOnlyForDeploymentPostprocessing = 0;
		};
/* End PBXFrameworksBuildPhase section */

/* Begin PBXGroup section */
		2F1B17BF19DDB48D0079EAF9 = {
			isa = PBXGroup;
			children = (
				2F1B17CA19DDB48E0079EAF9 /* RedditImageDownloader */,
				2F1B17DB19DDB48E0079EAF9 /* RedditImageDownloaderTests */,
				2F1B17C919DDB48E0079EAF9 /* Products */,
			);
			sourceTree = "<group>";
		};
		2F1B17C919DDB48E0079EAF9 /* Products */ = {
			isa = PBXGroup;
			children = (
				2F1B17C819DDB48E0079EAF9 /* RedditImageDownloader.app */,
				2F1B17D819DDB48E0079EAF9 /* RedditImageDownloaderTests.xctest */,
			);
			name = Products;
			sourceTree = "<group>";
		};
		2F1B17CA19DDB48E0079EAF9 /* RedditImageDownloader */ = {
			isa = PBXGroup;
			children = (
				2F1B17CD19DDB48E0079EAF9 /* AppDelegate.swift */,
				2F1B17EC19DDBC980079EAF9 /* APIController.swift */,
				D405B72219E2BE7900DFC736 /* DownloadController.swift */,
				2F1B17CF19DDB48E0079EAF9 /* Images.xcassets */,
				2F1B17D119DDB48E0079EAF9 /* MainMenu.xib */,
				2F1B17CB19DDB48E0079EAF9 /* Supporting Files */,
			);
			path = RedditImageDownloader;
			sourceTree = "<group>";
		};
		2F1B17CB19DDB48E0079EAF9 /* Supporting Files */ = {
			isa = PBXGroup;
			children = (
				2F1B17CC19DDB48E0079EAF9 /* Info.plist */,
			);
			name = "Supporting Files";
			sourceTree = "<group>";
		};
		2F1B17DB19DDB48E0079EAF9 /* RedditImageDownloaderTests */ = {
			isa = PBXGroup;
			children = (
				2F1B17DE19DDB48E0079EAF9 /* RedditImageDownloaderTests.swift */,
				2F1B17DC19DDB48E0079EAF9 /* Supporting Files */,
			);
			path = RedditImageDownloaderTests;
			sourceTree = "<group>";
		};
		2F1B17DC19DDB48E0079EAF9 /* Supporting Files */ = {
			isa = PBXGroup;
			children = (
				2F1B17DD19DDB48E0079EAF9 /* Info.plist */,
			);
			name = "Supporting Files";
			sourceTree = "<group>";
		};
/* End PBXGroup section */

/* Begin PBXNativeTarget section */
		2F1B17C719DDB48E0079EAF9 /* RedditImageDownloader */ = {
			isa = PBXNativeTarget;
			buildConfigurationList = 2F1B17E219DDB48E0079EAF9 /* Build configuration list for PBXNativeTarget "RedditImageDownloader" */;
			buildPhases = (
				2F1B17C419DDB48E0079EAF9 /* Sources */,
				2F1B17C519DDB48E0079EAF9 /* Frameworks */,
				2F1B17C619DDB48E0079EAF9 /* Resources */,
			);
			buildRules = (
			);
			dependencies = (
			);
			name = RedditImageDownloader;
			productName = RedditImageDownloader;
			productReference = 2F1B17C819DDB48E0079EAF9 /* RedditImageDownloader.app */;
			productType = "com.apple.product-type.application";
		};
		2F1B17D719DDB48E0079EAF9 /* RedditImageDownloaderTests */ = {
			isa = PBXNativeTarget;
			buildConfigurationList = 2F1B17E519DDB48E0079EAF9 /* Build configuration list for PBXNativeTarget "RedditImageDownloaderTests" */;
			buildPhases = (
				2F1B17D419DDB48E0079EAF9 /* Sources */,
				2F1B17D519DDB48E0079EAF9 /* Frameworks */,
				2F1B17D619DDB48E0079EAF9 /* Resources */,
			);
			buildRules = (
			);
			dependencies = (
				2F1B17DA19DDB48E0079EAF9 /* PBXTargetDependency */,
			);
			name = RedditImageDownloaderTests;
			productName = RedditImageDownloaderTests;
			productReference = 2F1B17D819DDB48E0079EAF9 /* RedditImageDownloaderTests.xctest */;
			productType = "com.apple.product-type.bundle.unit-test";
		};
/* End PBXNativeTarget section */

/* Begin PBXProject section */
		2F1B17C019DDB48D0079EAF9 /* Project object */ = {
			isa = PBXProject;
			attributes = {
				LastSwiftMigration = 0730;
				LastSwiftUpdateCheck = 0730;
				LastUpgradeCheck = 0730;
				ORGANIZATIONNAME = "Tyler Vick";
				TargetAttributes = {
					2F1B17C719DDB48E0079EAF9 = {
						CreatedOnToolsVersion = 6.1;
					};
					2F1B17D719DDB48E0079EAF9 = {
						CreatedOnToolsVersion = 6.1;
						TestTargetID = 2F1B17C719DDB48E0079EAF9;
					};
				};
			};
			buildConfigurationList = 2F1B17C319DDB48D0079EAF9 /* Build configuration list for PBXProject "RedditImageDownloader" */;
			compatibilityVersion = "Xcode 3.2";
			developmentRegion = English;
			hasScannedForEncodings = 0;
			knownRegions = (
				en,
				Base,
			);
			mainGroup = 2F1B17BF19DDB48D0079EAF9;
			productRefGroup = 2F1B17C919DDB48E0079EAF9 /* Products */;
			projectDirPath = "";
			projectRoot = "";
			targets = (
				2F1B17C719DDB48E0079EAF9 /* RedditImageDownloader */,
				2F1B17D719DDB48E0079EAF9 /* RedditImageDownloaderTests */,
			);
		};
/* End PBXProject section */

/* Begin PBXResourcesBuildPhase section */
		2F1B17C619DDB48E0079EAF9 /* Resources */ = {
			isa = PBXResourcesBuildPhase;
			buildActionMask = 2147483647;
			files = (
				2F1B17D019DDB48E0079EAF9 /* Images.xcassets in Resources */,
				2F1B17D319DDB48E0079EAF9 /* MainMenu.xib in Resources */,
			);
			runOnlyForDeploymentPostprocessing = 0;
		};
		2F1B17D619DDB48E0079EAF9 /* Resources */ = {
			isa = PBXResourcesBuildPhase;
			buildActionMask = 2147483647;
			files = (
			);
			runOnlyForDeploymentPostprocessing = 0;
		};
/* End PBXResourcesBuildPhase section */

/* Begin PBXSourcesBuildPhase section */
		2F1B17C419DDB48E0079EAF9 /* Sources */ = {
			isa = PBXSourcesBuildPhase;
			buildActionMask = 2147483647;
			files = (
				D405B72319E2BE7900DFC736 /* DownloadController.swift in Sources */,
				2F1B17ED19DDBC980079EAF9 /* APIController.swift in Sources */,
				2F1B17CE19DDB48E0079EAF9 /* AppDelegate.swift in Sources */,
			);
			runOnlyForDeploymentPostprocessing = 0;
		};
		2F1B17D419DDB48E0079EAF9 /* Sources */ = {
			isa = PBXSourcesBuildPhase;
			buildActionMask = 2147483647;
			files = (
				2F1B17DF19DDB48E0079EAF9 /* RedditImageDownloaderTests.swift in Sources */,
			);
			runOnlyForDeploymentPostprocessing = 0;
		};
/* End PBXSourcesBuildPhase section */

/* Begin PBXTargetDependency section */
		2F1B17DA19DDB48E0079EAF9 /* PBXTargetDependency */ = {
			isa = PBXTargetDependency;
			target = 2F1B17C719DDB48E0079EAF9 /* RedditImageDownloader */;
			targetProxy = 2F1B17D919DDB48E0079EAF9 /* PBXContainerItemProxy */;
		};
/* End PBXTargetDependency section */

/* Begin PBXVariantGroup section */
		2F1B17D119DDB48E0079EAF9 /* MainMenu.xib */ = {
			isa = PBXVariantGroup;
			children = (
				2F1B17D219DDB48E0079EAF9 /* Base */,
			);
			name = MainMenu.xib;
			sourceTree = "<group>";
		};
/* End PBXVariantGroup section */

/* Begin XCBuildConfiguration section */
		2F1B17E019DDB48E0079EAF9 /* Debug */ = {
			isa = XCBuildConfiguration;
			buildSettings = {
				ALWAYS_SEARCH_USER_PATHS = NO;
				CLANG_CXX_LANGUAGE_STANDARD = "gnu++0x";
				CLANG_CXX_LIBRARY = "libc++";
				CLANG_ENABLE_MODULES = YES;
				CLANG_ENABLE_OBJC_ARC = YES;
				CLANG_WARN_BOOL_CONVERSION = YES;
				CLANG_WARN_CONSTANT_CONVERSION = YES;
				CLANG_WARN_DIRECT_OBJC_ISA_USAGE = YES_ERROR;
				CLANG_WARN_EMPTY_BODY = YES;
				CLANG_WARN_ENUM_CONVERSION = YES;
				CLANG_WARN_INT_CONVERSION = YES;
				CLANG_WARN_OBJC_ROOT_CLASS = YES_ERROR;
				CLANG_WARN_UNREACHABLE_CODE = YES;
				CLANG_WARN__DUPLICATE_METHOD_MATCH = YES;
				CODE_SIGN_IDENTITY = "-";
				COPY_PHASE_STRIP = NO;
				ENABLE_STRICT_OBJC_MSGSEND = YES;
				ENABLE_TESTABILITY = YES;
				GCC_C_LANGUAGE_STANDARD = gnu99;
				GCC_DYNAMIC_NO_PIC = NO;
				GCC_OPTIMIZATION_LEVEL = 0;
				GCC_PREPROCESSOR_DEFINITIONS = (
					"DEBUG=1",
					"$(inherited)",
				);
				GCC_SYMBOLS_PRIVATE_EXTERN = NO;
				GCC_WARN_64_TO_32_BIT_CONVERSION = YES;
				GCC_WARN_ABOUT_RETURN_TYPE = YES_ERROR;
				GCC_WARN_UNDECLARED_SELECTOR = YES;
				GCC_WARN_UNINITIALIZED_AUTOS = YES_AGGRESSIVE;
				GCC_WARN_UNUSED_FUNCTION = YES;
				GCC_WARN_UNUSED_VARIABLE = YES;
				MACOSX_DEPLOYMENT_TARGET = 10.9;
				MTL_ENABLE_DEBUG_INFO = YES;
				ONLY_ACTIVE_ARCH = YES;
				SDKROOT = macosx;
				SWIFT_OPTIMIZATION_LEVEL = "-Onone";
			};
			name = Debug;
		};
		2F1B17E119DDB48E0079EAF9 /* Release */ = {
			isa = XCBuildConfiguration;
			buildSettings = {
				ALWAYS_SEARCH_USER_PATHS = NO;
				CLANG_CXX_LANGUAGE_STANDARD = "gnu++0x";
				CLANG_CXX_LIBRARY = "libc++";
				CLANG_ENABLE_MODULES = YES;
				CLANG_ENABLE_OBJC_ARC = YES;
				CLANG_WARN_BOOL_CONVERSION = YES;
				CLANG_WARN_CONSTANT_CONVERSION = YES;
				CLANG_WARN_DIRECT_OBJC_ISA_USAGE = YES_ERROR;
				CLANG_WARN_EMPTY_BODY = YES;
				CLANG_WARN_ENUM_CONVERSION = YES;
				CLANG_WARN_INT_CONVERSION = YES;
				CLANG_WARN_OBJC_ROOT_CLASS = YES_ERROR;
				CLANG_WARN_UNREACHABLE_CODE = YES;
				CLANG_WARN__DUPLICATE_METHOD_MATCH = YES;
				CODE_SIGN_IDENTITY = "-";
				COPY_PHASE_STRIP = YES;
				DEBUG_INFORMATION_FORMAT = "dwarf-with-dsym";
				ENABLE_NS_ASSERTIONS = NO;
				ENABLE_STRICT_OBJC_MSGSEND = YES;
				GCC_C_LANGUAGE_STANDARD = gnu99;
				GCC_WARN_64_TO_32_BIT_CONVERSION = YES;
				GCC_WARN_ABOUT_RETURN_TYPE = YES_ERROR;
				GCC_WARN_UNDECLARED_SELECTOR = YES;
				GCC_WARN_UNINITIALIZED_AUTOS = YES_AGGRESSIVE;
				GCC_WARN_UNUSED_FUNCTION = YES;
				GCC_WARN_UNUSED_VARIABLE = YES;
				MACOSX_DEPLOYMENT_TARGET = 10.9;
				MTL_ENABLE_DEBUG_INFO = NO;
				SDKROOT = macosx;
			};
			name = Release;
		};
		2F1B17E319DDB48E0079EAF9 /* Debug */ = {
			isa = XCBuildConfiguration;
			buildSettings = {
				ASSETCATALOG_COMPILER_APPICON_NAME = AppIcon;
				COMBINE_HIDPI_IMAGES = YES;
				INFOPLIST_FILE = RedditImageDownloader/Info.plist;
				LD_RUNPATH_SEARCH_PATHS = "$(inherited) @executable_path/../Frameworks";
				PRODUCT_BUNDLE_IDENTIFIER = "com.tylervick.$(PRODUCT_NAME:rfc1034identifier)";
				PRODUCT_NAME = "$(TARGET_NAME)";
			};
			name = Debug;
		};
		2F1B17E419DDB48E0079EAF9 /* Release */ = {
			isa = XCBuildConfiguration;
			buildSettings = {
				ASSETCATALOG_COMPILER_APPICON_NAME = AppIcon;
				COMBINE_HIDPI_IMAGES = YES;
				INFOPLIST_FILE = RedditImageDownloader/Info.plist;
				LD_RUNPATH_SEARCH_PATHS = "$(inherited) @executable_path/../Frameworks";
				PRODUCT_BUNDLE_IDENTIFIER = "com.tylervick.$(PRODUCT_NAME:rfc1034identifier)";
				PRODUCT_NAME = "$(TARGET_NAME)";
			};
			name = Release;
		};
		2F1B17E619DDB48E0079EAF9 /* Debug */ = {
			isa = XCBuildConfiguration;
			buildSettings = {
				BUNDLE_LOADER = "$(TEST_HOST)";
				COMBINE_HIDPI_IMAGES = YES;
				FRAMEWORK_SEARCH_PATHS = (
					"$(DEVELOPER_FRAMEWORKS_DIR)",
					"$(inherited)",
				);
				GCC_PREPROCESSOR_DEFINITIONS = (
					"DEBUG=1",
					"$(inherited)",
				);
				INFOPLIST_FILE = RedditImageDownloaderTests/Info.plist;
				LD_RUNPATH_SEARCH_PATHS = "$(inherited) @executable_path/../Frameworks @loader_path/../Frameworks";
				PRODUCT_BUNDLE_IDENTIFIER = "com.tylervick.$(PRODUCT_NAME:rfc1034identifier)";
				PRODUCT_NAME = "$(TARGET_NAME)";
				TEST_HOST = "$(BUILT_PRODUCTS_DIR)/RedditImageDownloader.app/Contents/MacOS/RedditImageDownloader";
			};
			name = Debug;
		};
		2F1B17E719DDB48E0079EAF9 /* Release */ = {
			isa = XCBuildConfiguration;
			buildSettings = {
				BUNDLE_LOADER = "$(TEST_HOST)";
				COMBINE_HIDPI_IMAGES = YES;
				FRAMEWORK_SEARCH_PATHS = (
					"$(DEVELOPER_FRAMEWORKS_DIR)",
					"$(inherited)",
				);
				INFOPLIST_FILE = RedditImageDownloaderTests/Info.plist;
				LD_RUNPATH_SEARCH_PATHS = "$(inherited) @executable_path/../Frameworks @loader_path/../Frameworks";
				PRODUCT_BUNDLE_IDENTIFIER = "com.tylervick.$(PRODUCT_NAME:rfc1034identifier)";
				PRODUCT_NAME = "$(TARGET_NAME)";
				TEST_HOST = "$(BUILT_PRODUCTS_DIR)/RedditImageDownloader.app/Contents/MacOS/RedditImageDownloader";
			};
			name = Release;
		};
/* End XCBuildConfiguration section */

/* Begin XCConfigurationList section */
		2F1B17C319DDB48D0079EAF9 /* Build configuration list for PBXProject "RedditImageDownloader" */ = {
			isa = XCConfigurationList;
			buildConfigurations = (
				2F1B17E019DDB48E0079EAF9 /* Debug */,
				2F1B17E119DDB48E0079EAF9 /* Release */,
			);
			defaultConfigurationIsVisible = 0;
			defaultConfigurationName = Release;
		};
		2F1B17E219DDB48E0079EAF9 /* Build configuration list for PBXNativeTarget "RedditImageDownloader" */ = {
			isa = XCConfigurationList;
			buildConfigurations = (
				2F1B17E319DDB48E0079EAF9 /* Debug */,
				2F1B17E419DDB48E0079EAF9 /* Release */,
			);
			defaultConfigurationIsVisible = 0;
			defaultConfigurationName = Release;
		};
		2F1B17E519DDB48E0079EAF9 /* Build configuration list for PBXNativeTarget "RedditImageDownloaderTests" */ = {
			isa = XCConfigurationList;
			buildConfigurations = (
				2F1B17E619DDB48E0079EAF9 /* Debug */,
				2F1B17E719DDB48E0079EAF9 /* Release */,
			);
			defaultConfigurationIsVisible = 0;
			defaultConfigurationName = Release;
		};
/* End XCConfigurationList section */
	};
	rootObject = 2F1B17C019DDB48D0079EAF9 /* Project object */;
}
